
Microsoft Visual Studio Solution File, Format Version 12.00
# Visual Studio Version 16
VisualStudioVersion = 16.0.29519.87
MinimumVisualStudioVersion = 10.0.40219.1
Project("{FAE04EC0-301F-11D3-BF4B-00C04F79EFBC}") = "ParenTester", "ParenTester\ParenTester.csproj", "{EB2857F9-ACBC-44C9-8AE6-38AFBB8C4503}"
EndProject
Global
	GlobalSection(SolutionConfigurationPlatforms) = preSolution
		Debug|Any CPU = Debug|Any CPU
		Release|Any CPU = Release|Any CPU
	EndGlobalSection
	GlobalSection(ProjectConfigurationPlatforms) = postSolution
		{EB2857F9-ACBC-44C9-8AE6-38AFBB8C4503}.Debug|Any CPU.ActiveCfg = Debug|Any CPU
		{EB2857F9-ACBC-44C9-8AE6-38AFBB8C4503}.Debug|Any CPU.Build.0 = Debug|Any CPU
		{EB2857F9-ACBC-44C9-8AE6-38AFBB8C4503}.Release|Any CPU.ActiveCfg = Release|Any CPU
		{EB2857F9-ACBC-44C9-8AE6-38AFBB8C4503}.Release|Any CPU.Build.0 = Release|Any CPU
	EndGlobalSection
	GlobalSection(SolutionProperties) = preSolution
		HideSolutionNode = FALSE
	EndGlobalSection
	GlobalSection(ExtensibilityGlobals) = postSolution
		SolutionGuid = {ECF0940E-BBF0-47BB-AF0B-E9C53E2197BA}
	EndGlobalSection
EndGlobal
